<?xml version="1.0" encoding="utf-8"?>
<Project ToolsVersion="4.0" xmlns="http://schemas.microsoft.com/developer/msbuild/2003">
  <ItemGroup>
    <Filter Include="Source Files">
      <UniqueIdentifier>{4FC737F1-C7A5-4376-A066-2A32D752A2FF}</UniqueIdentifier>
      <Extensions>cpp;c;cc;cxx;c++;cppm;ixx;def;odl;idl;hpj;bat;asm;asmx</Extensions>
    </Filter>
    <Filter Include="Header Files">
      <UniqueIdentifier>{93995380-89BD-4b04-88EB-625FBE52EBFB}</UniqueIdentifier>
      <Extensions>h;hh;hpp;hxx;h++;hm;inl;inc;ipp;xsd</Extensions>
    </Filter>
    <Filter Include="Resources">
      <UniqueIdentifier>{67DA6AB6-F800-4c08-8B7A-83BB121AAD01}</UniqueIdentifier>
      <Extensions>rc;ico;cur;bmp;dlg;rc2;rct;bin;rgs;gif;jpg;jpeg;jpe;resx;tiff;tif;png;wav;mfcribbon-ms</Extensions>
    </Filter>
    <Filter Include="Resources\shaders">
      <UniqueIdentifier>{70abc9e4-65ee-4d5e-9bab-d85e9f34d9bd}</UniqueIdentifier>
    </Filter>
    <Filter Include="Resources\images">
      <UniqueIdentifier>{a54077ad-22db-4f16-b2f1-6cf69147f3b0}</UniqueIdentifier>
    </Filter>
    <Filter Include="Resources\fonts">
      <UniqueIdentifier>{14ebd248-f430-4272-a775-ae3201ca5719}</UniqueIdentifier>
    </Filter>
    <Filter Include="Resources\audio">
      <UniqueIdentifier>{0f396951-1d73-40b7-99fe-e2eb38c68b1e}</UniqueIdentifier>
    </Filter>
  </ItemGroup>
  <ItemGroup>
    <ClCompile Include="source\App.cpp">
      <Filter>Source Files</Filter>
    </ClCompile>
    <ClCompile Include="source\GUI.cpp">
      <Filter>Source Files</Filter>
    </ClCompile>
    <ClCompile Include="source\GUIClasses.cpp">
      <Filter>Source Files</Filter>
    </ClCompile>
    <ClCompile Include="source\GUIData.cpp">
      <Filter>Source Files</Filter>
    </ClCompile>
    <ClCompile Include="source\GUIUtility.cpp">
      <Filter>Source Files</Filter>
    </ClCompile>
    <ClCompile Include="source\Input.cpp">
      <Filter>Source Files</Filter>
    </ClCompile>
    <ClCompile Include="source\Keybinds.cpp">
      <Filter>Source Files</Filter>
    </ClCompile>
    <ClCompile Include="source\Main.cpp">
      <Filter>Source Files</Filter>
    </ClCompile>
    <ClCompile Include="source\Project.cpp">
      <Filter>Source Files</Filter>
    </ClCompile>
    <ClCompile Include="source\ProjectClasses.cpp">
      <Filter>Source Files</Filter>
    </ClCompile>
  </ItemGroup>
  <ItemGroup>
    <ClInclude Include="headers\App.h">
      <Filter>Header Files</Filter>
    </ClInclude>
    <ClInclude Include="headers\GUI.h">
      <Filter>Header Files</Filter>
    </ClInclude>
    <ClInclude Include="headers\GUIClasses.h">
      <Filter>Header Files</Filter>
    </ClInclude>
    <ClInclude Include="headers\GUIData.h">
      <Filter>Header Files</Filter>
    </ClInclude>
    <ClInclude Include="headers\GUIUtility.h">
      <Filter>Header Files</Filter>
    </ClInclude>
    <ClInclude Include="headers\Input.h">
      <Filter>Header Files</Filter>
    </ClInclude>
    <ClInclude Include="headers\Keybinds.h">
      <Filter>Header Files</Filter>
    </ClInclude>
    <ClInclude Include="headers\Project.h">
      <Filter>Header Files</Filter>
    </ClInclude>
    <ClInclude Include="headers\ProjectClasses.h">
      <Filter>Header Files</Filter>
    </ClInclude>
  </ItemGroup>
</Project>